{
  "name": "socksinthemiddle",
  "version": "1.2.1",
  "lockfileVersion": 2,
  "requires": true,
  "packages": {
    "": {
      "name": "socksinthemiddle",
      "version": "1.2.1",
      "license": "MIT",
      "dependencies": {
        "http2-client": "^1.3.5",
        "socks5server": "^4.4.2"
      }
    },
    "node_modules/commander": {
      "version": "8.3.0",
      "resolved": "https://registry.npmjs.org/commander/-/commander-8.3.0.tgz",
      "integrity": "sha512-OkTL9umf+He2DZkUq8f8J9of7yL6RJKI24dVITBmNfZBmri9zYZQrKkuXiKhyfPSu8tUhnVBB1iKXevvnlR4Ww==",
      "engines": {
        "node": ">= 12"
      }
    },
    "node_modules/end-of-stream": {
      "version": "1.4.4",
      "resolved": "https://registry.npmjs.org/end-of-stream/-/end-of-stream-1.4.4.tgz",
      "integrity": "sha512-+uw1inIHVPQoaVuHzRyXd21icM+cnt4CzD5rW+NC1wjOUSTOs+Te7FOv7AhN7vS9x/oIyhLP5PR1H+phQAHu5Q==",
      "dependencies": {
        "once": "^1.4.0"
      }
    },
    "node_modules/http2-client": {
      "version": "1.3.5",
      "resolved": "https://registry.npmjs.org/http2-client/-/http2-client-1.3.5.tgz",
      "integrity": "sha512-EC2utToWl4RKfs5zd36Mxq7nzHHBuomZboI0yYL6Y0RmBgT7Sgkq4rQ0ezFTYoIsSs7Tm9SJe+o2FcAg6GBhGA=="
    },
    "node_modules/ip-address": {
      "version": "8.1.0",
      "resolved": "https://registry.npmjs.org/ip-address/-/ip-address-8.1.0.tgz",
      "integrity": "sha512-Wz91gZKpNKoXtqvY8ScarKYwhXoK4r/b5QuT+uywe/azv0/nUCo7Bh0IRRI7F9DHR06kJNWtzMGLIbXavngbKA==",
      "dependencies": {
        "jsbn": "1.1.0",
        "sprintf-js": "1.1.2"
      },
      "engines": {
        "node": ">= 12"
      }
    },
    "node_modules/jsbn": {
      "version": "1.1.0",
      "resolved": "https://registry.npmjs.org/jsbn/-/jsbn-1.1.0.tgz",
      "integrity": "sha1-sBMHyym2GKHtJux56RH4A8TaAEA="
    },
    "node_modules/once": {
      "version": "1.4.0",
      "resolved": "https://registry.npmjs.org/once/-/once-1.4.0.tgz",
      "integrity": "sha1-WDsap3WWHUsROsF9nFC6753Xa9E=",
      "dependencies": {
        "wrappy": "1"
      }
    },
    "node_modules/pump": {
      "version": "3.0.0",
      "resolved": "https://registry.npmjs.org/pump/-/pump-3.0.0.tgz",
      "integrity": "sha512-LwZy+p3SFs1Pytd/jYct4wpv49HiYCqd9Rlc5ZVdk0V+8Yzv6jR5Blk3TRmPL1ft69TxP0IMZGJ+WPFU2BFhww==",
      "dependencies": {
        "end-of-stream": "^1.1.0",
        "once": "^1.3.1"
      }
    },
    "node_modules/socks5server": {
      "version": "4.4.2",
      "resolved": "https://registry.npmjs.org/socks5server/-/socks5server-4.4.2.tgz",
      "integrity": "sha512-6zkxJg8YEPS+na4zYAsYrK0gkrw68R4V8K7/UO2+Y2acCAhn+FKjX9ZGt3XAaN4p1LLreY16OWSsfVa38S1l0Q==",
      "dependencies": {
        "commander": "^8.3.0",
        "ip-address": "^8.1.0",
        "pump": "^3.0.0"
      }
    },
    "node_modules/sprintf-js": {
      "version": "1.1.2",
      "resolved": "https://registry.npmjs.org/sprintf-js/-/sprintf-js-1.1.2.tgz",
      "integrity": "sha512-VE0SOVEHCk7Qc8ulkWw3ntAzXuqf7S2lvwQaDLRnUeIEaKNQJzV6BwmLKhOqT61aGhfUMrXeaBk+oDGCzvhcug=="
    },
    "node_modules/wrappy": {
      "version": "1.0.2",
      "resolved": "https://registry.npmjs.org/wrappy/-/wrappy-1.0.2.tgz",
      "integrity": "sha1-tSQ9jz7BqjXxNkYFvA0QNuMKtp8="
    }
  },
  "dependencies": {
    "commander": {
      "version": "8.3.0",
      "resolved": "https://registry.npmjs.org/commander/-/commander-8.3.0.tgz",
      "integrity": "sha512-OkTL9umf+He2DZkUq8f8J9of7yL6RJKI24dVITBmNfZBmri9zYZQrKkuXiKhyfPSu8tUhnVBB1iKXevvnlR4Ww=="
    },
    "end-of-stream": {
      "version": "1.4.4",
      "resolved": "https://registry.npmjs.org/end-of-stream/-/end-of-stream-1.4.4.tgz",
      "integrity": "sha512-+uw1inIHVPQoaVuHzRyXd21icM+cnt4CzD5rW+NC1wjOUSTOs+Te7FOv7AhN7vS9x/oIyhLP5PR1H+phQAHu5Q==",
      "requires": {
        "once": "^1.4.0"
      }
    },
    "http2-client": {
      "version": "1.3.5",
      "resolved": "https://registry.npmjs.org/http2-client/-/http2-client-1.3.5.tgz",
      "integrity": "sha512-EC2utToWl4RKfs5zd36Mxq7nzHHBuomZboI0yYL6Y0RmBgT7Sgkq4rQ0ezFTYoIsSs7Tm9SJe+o2FcAg6GBhGA=="
    },
    "ip-address": {
      "version": "8.1.0",
      "resolved": "https://registry.npmjs.org/ip-address/-/ip-address-8.1.0.tgz",
      "integrity": "sha512-Wz91gZKpNKoXtqvY8ScarKYwhXoK4r/b5QuT+uywe/azv0/nUCo7Bh0IRRI7F9DHR06kJNWtzMGLIbXavngbKA==",
      "requires": {
        "jsbn": "1.1.0",
        "sprintf-js": "1.1.2"
      }
    },
    "jsbn": {
      "version": "1.1.0",
      "resolved": "https://registry.npmjs.org/jsbn/-/jsbn-1.1.0.tgz",
      "integrity": "sha1-sBMHyym2GKHtJux56RH4A8TaAEA="
    },
    "once": {
      "version": "1.4.0",
      "resolved": "https://registry.npmjs.org/once/-/once-1.4.0.tgz",
      "integrity": "sha1-WDsap3WWHUsROsF9nFC6753Xa9E=",
      "requires": {
        "wrappy": "1"
      }
    },
    "pump": {
      "version": "3.0.0",
      "resolved": "https://registry.npmjs.org/pump/-/pump-3.0.0.tgz",
      "integrity": "sha512-LwZy+p3SFs1Pytd/jYct4wpv49HiYCqd9Rlc5ZVdk0V+8Yzv6jR5Blk3TRmPL1ft69TxP0IMZGJ+WPFU2BFhww==",
      "requires": {
        "end-of-stream": "^1.1.0",
        "once": "^1.3.1"
      }
    },
    "socks5server": {
      "version": "4.4.2",
      "resolved": "https://registry.npmjs.org/socks5server/-/socks5server-4.4.2.tgz",
      "integrity": "sha512-6zkxJg8YEPS+na4zYAsYrK0gkrw68R4V8K7/UO2+Y2acCAhn+FKjX9ZGt3XAaN4p1LLreY16OWSsfVa38S1l0Q==",
      "requires": {
        "commander": "^8.3.0",
        "ip-address": "^8.1.0",
        "pump": "^3.0.0"
      }
    },
    "sprintf-js": {
      "version": "1.1.2",
      "resolved": "https://registry.npmjs.org/sprintf-js/-/sprintf-js-1.1.2.tgz",
      "integrity": "sha512-VE0SOVEHCk7Qc8ulkWw3ntAzXuqf7S2lvwQaDLRnUeIEaKNQJzV6BwmLKhOqT61aGhfUMrXeaBk+oDGCzvhcug=="
    },
    "wrappy": {
      "version": "1.0.2",
      "resolved": "https://registry.npmjs.org/wrappy/-/wrappy-1.0.2.tgz",
      "integrity": "sha1-tSQ9jz7BqjXxNkYFvA0QNuMKtp8="
    }
  }
}
